{
  "name": "marvell20safe",
  "lockfileVersion": 3,
  "requires": true,
  "packages": {
    "": {
      "dependencies": {
        "@tsparticles/engine": "^4.2.1",
        "@tsparticles/slim": "^4.2.1",
        "gsap": "^3.15.0",
        "howler": "^2.2.4",
        "html-to-image": "^1.11.13",
        "svg.js": "^2.7.1"
      }
    },
    "node_modules/@tsparticles/animation-utils": {
      "version": "4.2.1",
      "resolved": "https://registry.npmjs.org/@tsparticles/animation-utils/-/animation-utils-4.2.1.tgz",
      "integrity": "sha512-7y2d7Q0lFo2qzst3Pz7mxp4bJUVwX/n3uMpHjGtn4jzY5wHGl/mb+uD2+Ed8Z8D0LlQ4SyB64BEH5K6W9jgVnw==",
      "funding": [
        {
          "type": "github",
          "url": "https://github.com/sponsors/matteobruni"
        },
        {
          "type": "github",
          "url": "https://github.com/sponsors/tsparticles"
        },
        {
          "type": "buymeacoffee",
          "url": "https://www.buymeacoffee.com/matteobruni"
        }
      ],
      "license": "MIT",
      "peerDependencies": {
        "@tsparticles/engine": "4.2.1"
      }
    },
    "node_modules/@tsparticles/basic": {
      "version": "4.2.1",
      "resolved": "https://registry.npmjs.org/@tsparticles/basic/-/basic-4.2.1.tgz",
      "integrity": "sha512-AP6bKrO4wLUBh9+SHUZwzb1OKHBKW/E6UMVaGtA2MuMR3X3q0V3SkI0rzprhvGIJ3wiCfTgwD4n0suovN1qzGQ==",
      "funding": [
        {
          "type": "github",
          "url": "https://github.com/sponsors/matteobruni"
        },
        {
          "type": "github",
          "url": "https://github.com/sponsors/tsparticles"
        },
        {
          "type": "buymeacoffee",
          "url": "https://www.buymeacoffee.com/matteobruni"
        }
      ],
      "license": "MIT",
      "dependencies": {
        "@tsparticles/engine": "4.2.1",
        "@tsparticles/plugin-blend": "4.2.1",
        "@tsparticles/plugin-hex-color": "4.2.1",
        "@tsparticles/plugin-hsl-color": "4.2.1",
        "@tsparticles/plugin-move": "4.2.1",
        "@tsparticles/plugin-rgb-color": "4.2.1",
        "@tsparticles/shape-circle": "4.2.1",
        "@tsparticles/updater-opacity": "4.2.1",
        "@tsparticles/updater-out-modes": "4.2.1",
        "@tsparticles/updater-paint": "4.2.1",
        "@tsparticles/updater-size": "4.2.1"
      }
    },
    "node_modules/@tsparticles/canvas-utils": {
      "version": "4.2.1",
      "resolved": "https://registry.npmjs.org/@tsparticles/canvas-utils/-/canvas-utils-4.2.1.tgz",
      "integrity": "sha512-M/8wtupDKid9Hr7OQYOBJFodLPJeCk1BRz4GuTDsf1CnXw3TQwEHcE70NGJfwjWzodwM4ilIF2/aXOcqu4kSXQ==",
      "funding": [
        {
          "type": "github",
          "url": "https://github.com/sponsors/matteobruni"
        },
        {
          "type": "github",
          "url": "https://github.com/sponsors/tsparticles"
        },
        {
          "type": "buymeacoffee",
          "url": "https://www.buymeacoffee.com/matteobruni"
        }
      ],
      "license": "MIT",
      "peerDependencies": {
        "@tsparticles/engine": "4.2.1"
      }
    },
    "node_modules/@tsparticles/engine": {
      "version": "4.2.1",
      "resolved": "https://registry.npmjs.org/@tsparticles/engine/-/engine-4.2.1.tgz",
      "integrity": "sha512-OXNAG4MxgIaLQ6rzXdfmLRLAv7V0pHdh+yfHOSNQDYw4eCqT4vjh9ZAMJaogagU9Pd4xTLq9BjVsZNyjUh4KqA==",
      "funding": [
        {
          "type": "github",
          "url": "https://github.com/sponsors/matteobruni"
        },
        {
          "type": "github",
          "url": "https://github.com/sponsors/tsparticles"
        },
        {
          "type": "buymeacoffee",
          "url": "https://www.buymeacoffee.com/matteobruni"
        }
      ],
      "hasInstallScript": true,
      "license": "MIT"
    },
    "node_modules/@tsparticles/interaction-external-attract": {
      "version": "4.2.1",
      "resolved": "https://registry.npmjs.org/@tsparticles/interaction-external-attract/-/interaction-external-attract-4.2.1.tgz",
      "integrity": "sha512-PDG20KoCM5gP3jWPv1DprvckyvK0t8H+1578aE5N+0jhNU9M60e4mMPM8PeHdxnfOyywb/YLTxCN7n1x0ApT8g==",
      "license": "MIT",
      "peerDependencies": {
        "@tsparticles/engine": "4.2.1",
        "@tsparticles/plugin-interactivity": "4.2.1"
      }
    },
    "node_modules/@tsparticles/interaction-external-bounce": {
      "version": "4.2.1",
      "resolved": "https://registry.npmjs.org/@tsparticles/interaction-external-bounce/-/interaction-external-bounce-4.2.1.tgz",
      "integrity": "sha512-CnsjL0rTlqva48PxtpoYtucXsWQ1l6QHyuojWFwJNV8lIMogsgANv0HPFPEg2CG6sFIfACQ0LulauFkpock1XA==",
      "license": "MIT",
      "peerDependencies": {
        "@tsparticles/engine": "4.2.1",
        "@tsparticles/plugin-interactivity": "4.2.1"
      }
    },
    "node_modules/@tsparticles/interaction-external-bubble": {
      "version": "4.2.1",
      "resolved": "https://registry.npmjs.org/@tsparticles/interaction-external-bubble/-/interaction-external-bubble-4.2.1.tgz",
      "integrity": "sha512-iOmcQxqriaOTXMxVaoGGVPa0BAYiEh+K6h4knQO4TklyigdF8XT6Lfqsar6BmbtACoxIqXmEHWSXkHrCQFG52A==",
      "license": "MIT",
      "peerDependencies": {
        "@tsparticles/engine": "4.2.1",
        "@tsparticles/plugin-interactivity": "4.2.1"
      }
    },
    "node_modules/@tsparticles/interaction-external-connect": {
      "version": "4.2.1",
      "resolved": "https://registry.npmjs.org/@tsparticles/interaction-external-connect/-/interaction-external-connect-4.2.1.tgz",
      "integrity": "sha512-OjKPwjHO73JD4fkYvB92/M8hJiIcPQtwRtVxAxbiXzrkXmPaTRcJiPHIrpHwEQzPRS6p1ksA30QNSMaS077c+g==",
      "license": "MIT",
      "dependencies": {
        "@tsparticles/canvas-utils": "4.2.1"
      },
      "peerDependencies": {
        "@tsparticles/engine": "4.2.1",
        "@tsparticles/plugin-interactivity": "4.2.1"
      }
    },
    "node_modules/@tsparticles/interaction-external-destroy": {
      "version": "4.2.1",
      "resolved": "https://registry.npmjs.org/@tsparticles/interaction-external-destroy/-/interaction-external-destroy-4.2.1.tgz",
      "integrity": "sha512-D5bvmPGLkNOtBTMiOLIeVpa7/WeZAWU/l4QptdlmzNi//D3qnyyedVHORtR5hi7M+/+iC8zYAEFp4LIRUXdQwA==",
      "license": "MIT",
      "peerDependencies": {
        "@tsparticles/engine": "4.2.1",
        "@tsparticles/plugin-interactivity": "4.2.1"
      }
    },
    "node_modules/@tsparticles/interaction-external-grab": {
      "version": "4.2.1",
      "resolved": "https://registry.npmjs.org/@tsparticles/interaction-external-grab/-/interaction-external-grab-4.2.1.tgz",
      "integrity": "sha512-owRj+F2AafC7OAJlJZOwvllRnckKxnhCgecn6Ob+P9hbLnM02hy7Lyn1J10JG2ogxp074dD6x3QZVQUWpsN5vg==",
      "license": "MIT",
      "dependencies": {
        "@tsparticles/canvas-utils": "4.2.1"
      },
      "peerDependencies": {
        "@tsparticles/engine": "4.2.1",
        "@tsparticles/plugin-interactivity": "4.2.1"
      }
    },
    "node_modules/@tsparticles/interaction-external-parallax": {
      "version": "4.2.1",
      "resolved": "https://registry.npmjs.org/@tsparticles/interaction-external-parallax/-/interaction-external-parallax-4.2.1.tgz",
      "integrity": "sha512-ZSedWBHcB8N6YzVb0Up44QFlUPUPL5v0ZAJPJKCavDfKxYANmpbgMW9rVK0tFvL4fsyYExNBinLd6a/0CcqZNQ==",
      "license": "MIT",
      "peerDependencies": {
        "@tsparticles/engine": "4.2.1",
        "@tsparticles/plugin-interactivity": "4.2.1"
      }
    },
    "node_modules/@tsparticles/interaction-external-pause": {
      "version": "4.2.1",
      "resolved": "https://registry.npmjs.org/@tsparticles/interaction-external-pause/-/interaction-external-pause-4.2.1.tgz",
      "integrity": "sha512-PaXPOc5MgOIP728t+hAO+USp5lHWGWPdmiMPIcp/tk3peYGqwAh4sXMT+LW2xAEizR4SB1I6hnb9dnlIl8Gc8Q==",
      "license": "MIT",
      "peerDependencies": {
        "@tsparticles/engine": "4.2.1",
        "@tsparticles/plugin-interactivity": "4.2.1"
      }
    },
    "node_modules/@tsparticles/interaction-external-push": {
      "version": "4.2.1",
      "resolved": "https://registry.npmjs.org/@tsparticles/interaction-external-push/-/interaction-external-push-4.2.1.tgz",
      "integrity": "sha512-iF2nZRX6nzOsxdb8mkSKIyzVoH3Rv6TNUmxS/2Ginj/RRlQxUuQyFZajzqmzxLInf/JfuB6lf3hBMcT5IBmOPA==",
      "license": "MIT",
      "peerDependencies": {
        "@tsparticles/engine": "4.2.1",
        "@tsparticles/plugin-interactivity": "4.2.1"
      }
    },
    "node_modules/@tsparticles/interaction-external-remove": {
      "version": "4.2.1",
      "resolved": "https://registry.npmjs.org/@tsparticles/interaction-external-remove/-/interaction-external-remove-4.2.1.tgz",
      "integrity": "sha512-Qnm3CrX9sztb89Y0QelsN+DeOakDGnbJXOQ65Od1VJYmHTHe4wZrWucPwOmcSlCTBYFGSGJD7IhhKMvoZhVFdw==",
      "license": "MIT",
      "peerDependencies": {
        "@tsparticles/engine": "4.2.1",
        "@tsparticles/plugin-interactivity": "4.2.1"
      }
    },
    "node_modules/@tsparticles/interaction-external-repulse": {
      "version": "4.2.1",
      "resolved": "https://registry.npmjs.org/@tsparticles/interaction-external-repulse/-/interaction-external-repulse-4.2.1.tgz",
      "integrity": "sha512-N625guWkZYys3kqtzLd9oV8L2Caw+Pl6sX8whb5RfajjjWJN8ZOSV+OwsZCl2L4hv1ufzLu+HCBVexqBJwN6gg==",
      "license": "MIT",
      "peerDependencies": {
        "@tsparticles/engine": "4.2.1",
        "@tsparticles/plugin-interactivity": "4.2.1"
      }
    },
    "node_modules/@tsparticles/interaction-external-slow": {
      "version": "4.2.1",
      "resolved": "https://registry.npmjs.org/@tsparticles/interaction-external-slow/-/interaction-external-slow-4.2.1.tgz",
      "integrity": "sha512-bAcWHdgKzJ6T0MYixgCM00aWj+961eNGPECt0gMmY5kSt8sKWJJoKSSRawiHn8ucb5mY7hC1h5WmkHF0dzHGRA==",
      "license": "MIT",
      "peerDependencies": {
        "@tsparticles/engine": "4.2.1",
        "@tsparticles/plugin-interactivity": "4.2.1"
      }
    },
    "node_modules/@tsparticles/interaction-particles-attract": {
      "version": "4.2.1",
      "resolved": "https://registry.npmjs.org/@tsparticles/interaction-particles-attract/-/interaction-particles-attract-4.2.1.tgz",
      "integrity": "sha512-H9J0NDjcohg3bYBvnXzG952bvUyv+gibQ/Z9eNIiORX+BiRvNFhLmcxfZDiOxEOPvjfn3NuJU38PWJjBSN4+bQ==",
      "license": "MIT",
      "peerDependencies": {
        "@tsparticles/engine": "4.2.1",
        "@tsparticles/plugin-interactivity": "4.2.1"
      }
    },
    "node_modules/@tsparticles/interaction-particles-collisions": {
      "version": "4.2.1",
      "resolved": "https://registry.npmjs.org/@tsparticles/interaction-particles-collisions/-/interaction-particles-collisions-4.2.1.tgz",
      "integrity": "sha512-RA5I5rQZk/ynwpdcQ51D5aHVy8QKlA4eQySJ4VnNpSnkr/HT+M9SzQhBCHemy1vbv+lWNQmcx1ocBtP2bZjh0A==",
      "license": "MIT",
      "peerDependencies": {
        "@tsparticles/engine": "4.2.1",
        "@tsparticles/plugin-interactivity": "4.2.1"
      }
    },
    "node_modules/@tsparticles/interaction-particles-links": {
      "version": "4.2.1",
      "resolved": "https://registry.npmjs.org/@tsparticles/interaction-particles-links/-/interaction-particles-links-4.2.1.tgz",
      "integrity": "sha512-7cQBlfJJxRNWXl+uWxy1rMMjn1/PZL1Yjaj3//JPRnOQ0gZ9ud0pBvsVTCnYxSw8dq7Rqtzk74vruZuV+ZE6Hg==",
      "license": "MIT",
      "dependencies": {
        "@tsparticles/canvas-utils": "4.2.1"
      },
      "peerDependencies": {
        "@tsparticles/engine": "4.2.1",
        "@tsparticles/plugin-interactivity": "4.2.1"
      }
    },
    "node_modules/@tsparticles/plugin-blend": {
      "version": "4.2.1",
      "resolved": "https://registry.npmjs.org/@tsparticles/plugin-blend/-/plugin-blend-4.2.1.tgz",
      "integrity": "sha512-XFLyXGqvacqSlifkczHspiWUglpTnhVOp6oztA7zN0tt5YUG8q9fB1r5378mm4NmgRyyoiWrqix6S21P5azS5g==",
      "license": "MIT",
      "peerDependencies": {
        "@tsparticles/engine": "4.2.1"
      }
    },
    "node_modules/@tsparticles/plugin-easing-quad": {
      "version": "4.2.1",
      "resolved": "https://registry.npmjs.org/@tsparticles/plugin-easing-quad/-/plugin-easing-quad-4.2.1.tgz",
      "integrity": "sha512-TsIQgXP0oW5mi6URfOMMJzrwlmTK0n3+CM5ds27UQHufyFneFv0k69aqtjhA4c40urnefL9yF26vDe84stqIPg==",
      "funding": [
        {
          "type": "github",
          "url": "https://github.com/sponsors/matteobruni"
        },
        {
          "type": "github",
          "url": "https://github.com/sponsors/tsparticles"
        },
        {
          "type": "buymeacoffee",
          "url": "https://www.buymeacoffee.com/matteobruni"
        }
      ],
      "license": "MIT",
      "peerDependencies": {
        "@tsparticles/engine": "4.2.1"
      }
    },
    "node_modules/@tsparticles/plugin-hex-color": {
      "version": "4.2.1",
      "resolved": "https://registry.npmjs.org/@tsparticles/plugin-hex-color/-/plugin-hex-color-4.2.1.tgz",
      "integrity": "sha512-ryfduhYaH6eZ457axO7dZaGoyW2T/+AadeIhURHP9LvhBlpHpATaWKYowMSsq1+j6qq4hq5wNkE2UX1Xpe2elw==",
      "funding": [
        {
          "type": "github",
          "url": "https://github.com/sponsors/matteobruni"
        },
        {
          "type": "github",
          "url": "https://github.com/sponsors/tsparticles"
        },
        {
          "type": "buymeacoffee",
          "url": "https://www.buymeacoffee.com/matteobruni"
        }
      ],
      "license": "MIT",
      "peerDependencies": {
        "@tsparticles/engine": "4.2.1"
      }
    },
    "node_modules/@tsparticles/plugin-hsl-color": {
      "version": "4.2.1",
      "resolved": "https://registry.npmjs.org/@tsparticles/plugin-hsl-color/-/plugin-hsl-color-4.2.1.tgz",
      "integrity": "sha512-TAcoPnQE2Gacdv79J90t+Z1QDxtpBuVNBDwsVuNl/MbsVsrqyXHnOoIqmpZcpbEbryKk1bwP7pyxE32ASnB+FQ==",
      "funding": [
        {
          "type": "github",
          "url": "https://github.com/sponsors/matteobruni"
        },
        {
          "type": "github",
          "url": "https://github.com/sponsors/tsparticles"
        },
        {
          "type": "buymeacoffee",
          "url": "https://www.buymeacoffee.com/matteobruni"
        }
      ],
      "license": "MIT",
      "peerDependencies": {
        "@tsparticles/engine": "4.2.1"
      }
    },
    "node_modules/@tsparticles/plugin-interactivity": {
      "version": "4.2.1",
      "resolved": "https://registry.npmjs.org/@tsparticles/plugin-interactivity/-/plugin-interactivity-4.2.1.tgz",
      "integrity": "sha512-1mCvc/OOKNpqE1IOzOgalT27HrZQgMs2bUHs0D9IRPvqejEP675BWfQA6AMRbVZX2CuIAMh+YUa2WcVYlDSuvA==",
      "license": "MIT",
      "peerDependencies": {
        "@tsparticles/engine": "4.2.1"
      }
    },
    "node_modules/@tsparticles/plugin-move": {
      "version": "4.2.1",
      "resolved": "https://registry.npmjs.org/@tsparticles/plugin-move/-/plugin-move-4.2.1.tgz",
      "integrity": "sha512-Ds7aAB1d0zEAC+LLQc1SVHuGsGVAH9ber4EmfByDD/hQrwcdPMA1CSHgGuk+mcyXqz7+VJGi4O2QM7YTAYFLnQ==",
      "license": "MIT",
      "peerDependencies": {
        "@tsparticles/engine": "4.2.1"
      }
    },
    "node_modules/@tsparticles/plugin-rgb-color": {
      "version": "4.2.1",
      "resolved": "https://registry.npmjs.org/@tsparticles/plugin-rgb-color/-/plugin-rgb-color-4.2.1.tgz",
      "integrity": "sha512-qoS/4H4/SfwbWkfXI2J172R4AHhia8C6fgvIa6THEaakKH0KlAwfJf6pTz0P8STSHCbOvBfbJ59SqRD+4rshHQ==",
      "funding": [
        {
          "type": "github",
          "url": "https://github.com/sponsors/matteobruni"
        },
        {
          "type": "github",
          "url": "https://github.com/sponsors/tsparticles"
        },
        {
          "type": "buymeacoffee",
          "url": "https://www.buymeacoffee.com/matteobruni"
        }
      ],
      "license": "MIT",
      "peerDependencies": {
        "@tsparticles/engine": "4.2.1"
      }
    },
    "node_modules/@tsparticles/shape-circle": {
      "version": "4.2.1",
      "resolved": "https://registry.npmjs.org/@tsparticles/shape-circle/-/shape-circle-4.2.1.tgz",
      "integrity": "sha512-Vid0Ts+edAFWuUmywJQR076wiRGVmbj2cVp47aMu2jHsgETgUgpn+eHuJ4CHedhaDwWACoS1vU+YN9m3r5r3Zg==",
      "license": "MIT",
      "peerDependencies": {
        "@tsparticles/engine": "4.2.1"
      }
    },
    "node_modules/@tsparticles/shape-emoji": {
      "version": "4.2.1",
      "resolved": "https://registry.npmjs.org/@tsparticles/shape-emoji/-/shape-emoji-4.2.1.tgz",
      "integrity": "sha512-HhSRTbhLxA4Kt2vMvTo5DCzxz4t7gC3cdVdv1YbltN2XM1c+B4HbxWddYUwLhYYL/tB6+GdLPXGb8rbUJO/l/w==",
      "license": "MIT",
      "dependencies": {
        "@tsparticles/canvas-utils": "4.2.1"
      },
      "peerDependencies": {
        "@tsparticles/engine": "4.2.1"
      }
    },
    "node_modules/@tsparticles/shape-image": {
      "version": "4.2.1",
      "resolved": "https://registry.npmjs.org/@tsparticles/shape-image/-/shape-image-4.2.1.tgz",
      "integrity": "sha512-BVfdnh5Mj1iSLSEuzYtaunCdnK/TtIsS5GTuKAmJpj2YLyjYYSMghvJ9DNcWCOcbmfwcIw6n8k2hE/kKZR/Viw==",
      "license": "MIT",
      "peerDependencies": {
        "@tsparticles/engine": "4.2.1"
      }
    },
    "node_modules/@tsparticles/shape-line": {
      "version": "4.2.1",
      "resolved": "https://registry.npmjs.org/@tsparticles/shape-line/-/shape-line-4.2.1.tgz",
      "integrity": "sha512-JmL1azNfu3FTKdGchtezNzNXnFDvRV9L0eEbWBJ+R5SFxIYOfU8WwMQCb9mUt02aymHe6tt+Ws/Ta4PaMhYvrA==",
      "license": "MIT",
      "peerDependencies": {
        "@tsparticles/engine": "4.2.1"
      }
    },
    "node_modules/@tsparticles/shape-polygon": {
      "version": "4.2.1",
      "resolved": "https://registry.npmjs.org/@tsparticles/shape-polygon/-/shape-polygon-4.2.1.tgz",
      "integrity": "sha512-UBRZDnIA1pugLlzxa8jCi5vwNsVg5cizNZUpT0xWUKMYxedki1J8UxQgv9GkDy8RHXhBvcRddB9IKCwkFulbrA==",
      "license": "MIT",
      "peerDependencies": {
        "@tsparticles/engine": "4.2.1"
      }
    },
    "node_modules/@tsparticles/shape-square": {
      "version": "4.2.1",
      "resolved": "https://registry.npmjs.org/@tsparticles/shape-square/-/shape-square-4.2.1.tgz",
      "integrity": "sha512-6DW+GcK5gX+xvSQhLiG+D7oVzf8BHfFKqJi04Zfw4YFjBHDIn+EfekbdZeHzsPghCgDVXM03RS0exxatIuqogw==",
      "license": "MIT",
      "peerDependencies": {
        "@tsparticles/engine": "4.2.1"
      }
    },
    "node_modules/@tsparticles/shape-star": {
      "version": "4.2.1",
      "resolved": "https://registry.npmjs.org/@tsparticles/shape-star/-/shape-star-4.2.1.tgz",
      "integrity": "sha512-gVmM3PegkI5BPMBFmzdmxbR4w+CE1MvXM4f56OlXGJGLP722BFdc7W+waXwZIIHqRkccNNOiAyHyv41rF3A/1Q==",
      "license": "MIT",
      "peerDependencies": {
        "@tsparticles/engine": "4.2.1"
      }
    },
    "node_modules/@tsparticles/slim": {
      "version": "4.2.1",
      "resolved": "https://registry.npmjs.org/@tsparticles/slim/-/slim-4.2.1.tgz",
      "integrity": "sha512-pwbfInQqdXkNaQMmDXU3nPukh9KL5yJ2hWHqtPSAqFH5AlGweLCoGhTrJRPFa0jQGM3vZR4MVWj2tf1NNQYmNQ==",
      "funding": [
        {
          "type": "github",
          "url": "https://github.com/sponsors/matteobruni"
        },
        {
          "type": "github",
          "url": "https://github.com/sponsors/tsparticles"
        },
        {
          "type": "buymeacoffee",
          "url": "https://www.buymeacoffee.com/matteobruni"
        }
      ],
      "license": "MIT",
      "dependencies": {
        "@tsparticles/basic": "4.2.1",
        "@tsparticles/engine": "4.2.1",
        "@tsparticles/interaction-external-attract": "4.2.1",
        "@tsparticles/interaction-external-bounce": "4.2.1",
        "@tsparticles/interaction-external-bubble": "4.2.1",
        "@tsparticles/interaction-external-connect": "4.2.1",
        "@tsparticles/interaction-external-destroy": "4.2.1",
        "@tsparticles/interaction-external-grab": "4.2.1",
        "@tsparticles/interaction-external-parallax": "4.2.1",
        "@tsparticles/interaction-external-pause": "4.2.1",
        "@tsparticles/interaction-external-push": "4.2.1",
        "@tsparticles/interaction-external-remove": "4.2.1",
        "@tsparticles/interaction-external-repulse": "4.2.1",
        "@tsparticles/interaction-external-slow": "4.2.1",
        "@tsparticles/interaction-particles-attract": "4.2.1",
        "@tsparticles/interaction-particles-collisions": "4.2.1",
        "@tsparticles/interaction-particles-links": "4.2.1",
        "@tsparticles/plugin-easing-quad": "4.2.1",
        "@tsparticles/plugin-interactivity": "4.2.1",
        "@tsparticles/shape-emoji": "4.2.1",
        "@tsparticles/shape-image": "4.2.1",
        "@tsparticles/shape-line": "4.2.1",
        "@tsparticles/shape-polygon": "4.2.1",
        "@tsparticles/shape-square": "4.2.1",
        "@tsparticles/shape-star": "4.2.1",
        "@tsparticles/updater-life": "4.2.1",
        "@tsparticles/updater-paint": "4.2.1",
        "@tsparticles/updater-rotate": "4.2.1"
      }
    },
    "node_modules/@tsparticles/updater-life": {
      "version": "4.2.1",
      "resolved": "https://registry.npmjs.org/@tsparticles/updater-life/-/updater-life-4.2.1.tgz",
      "integrity": "sha512-PvV90nBKVv09XD70qllVslqMLPnVYCk6EQ/kWSdAJLNyDej7NmEhzpizWPE5mmk7+vYpfW2P5FpwW6g2NrGFpg==",
      "license": "MIT",
      "peerDependencies": {
        "@tsparticles/engine": "4.2.1"
      }
    },
    "node_modules/@tsparticles/updater-opacity": {
      "version": "4.2.1",
      "resolved": "https://registry.npmjs.org/@tsparticles/updater-opacity/-/updater-opacity-4.2.1.tgz",
      "integrity": "sha512-Iq0F7CbrRFeTyjxZfrGQDP1XvMowK5P3N11iwUyaMZ+3gq54ORuN07Y7CvRLY2b6PQn/3OoMIVWb3jBzBrr69A==",
      "license": "MIT",
      "dependencies": {
        "@tsparticles/animation-utils": "4.2.1"
      },
      "peerDependencies": {
        "@tsparticles/engine": "4.2.1"
      }
    },
    "node_modules/@tsparticles/updater-out-modes": {
      "version": "4.2.1",
      "resolved": "https://registry.npmjs.org/@tsparticles/updater-out-modes/-/updater-out-modes-4.2.1.tgz",
      "integrity": "sha512-zvpzLc7PUITEboYaSwDhrJEYiGrkSINeHTbbjq+P5SUEi7i+HCWvBSMIeYEjYW0nQX+ur0c66XZWzMddeyuUQA==",
      "license": "MIT",
      "peerDependencies": {
        "@tsparticles/engine": "4.2.1"
      }
    },
    "node_modules/@tsparticles/updater-paint": {
      "version": "4.2.1",
      "resolved": "https://registry.npmjs.org/@tsparticles/updater-paint/-/updater-paint-4.2.1.tgz",
      "integrity": "sha512-ECUMKcCTfewqC2RiOR3JAkmiuNDRihb4KCqxg84y44mE7ynA6RixQwmhwW6stP1TbNQ+qCpynohQ8ffvFBS6cA==",
      "license": "MIT",
      "peerDependencies": {
        "@tsparticles/engine": "4.2.1"
      }
    },
    "node_modules/@tsparticles/updater-rotate": {
      "version": "4.2.1",
      "resolved": "https://registry.npmjs.org/@tsparticles/updater-rotate/-/updater-rotate-4.2.1.tgz",
      "integrity": "sha512-lfQU2DEmo57fWDX+5WVBknP8VoLWZSECd00Unvf0cwydF6CaK/03ERKYw9CyIySYACObDmLRoFKzWmndxtIZlA==",
      "license": "MIT",
      "dependencies": {
        "@tsparticles/animation-utils": "4.2.1"
      },
      "peerDependencies": {
        "@tsparticles/engine": "4.2.1"
      }
    },
    "node_modules/@tsparticles/updater-size": {
      "version": "4.2.1",
      "resolved": "https://registry.npmjs.org/@tsparticles/updater-size/-/updater-size-4.2.1.tgz",
      "integrity": "sha512-qZnD8PLO5TqOHx16Xg7niGnj3IIyqV3fX/NJY3N3lDt9TBc73B8RMBV57vo/G70JH5KBXnEO+7iQZywAJtH5BQ==",
      "license": "MIT",
      "dependencies": {
        "@tsparticles/animation-utils": "4.2.1"
      },
      "peerDependencies": {
        "@tsparticles/engine": "4.2.1"
      }
    },
    "node_modules/gsap": {
      "version": "3.15.0",
      "resolved": "https://registry.npmjs.org/gsap/-/gsap-3.15.0.tgz",
      "integrity": "sha512-dMW4CWBTUK1AEEDeZc1g4xpPGIrSf9fJF960qbTZmN/QwZIWY5wgliS6JWl9/25fpTGJrMRtSjGtOmPnfjZB+A==",
      "license": "Standard 'no charge' license: https://gsap.com/standard-license."
    },
    "node_modules/howler": {
      "version": "2.2.4",
      "resolved": "https://registry.npmjs.org/howler/-/howler-2.2.4.tgz",
      "integrity": "sha512-iARIBPgcQrwtEr+tALF+rapJ8qSc+Set2GJQl7xT1MQzWaVkFebdJhR3alVlSiUf5U7nAANKuj3aWpwerocD5w==",
      "license": "MIT"
    },
    "node_modules/html-to-image": {
      "version": "1.11.13",
      "resolved": "https://registry.npmjs.org/html-to-image/-/html-to-image-1.11.13.tgz",
      "integrity": "sha512-cuOPoI7WApyhBElTTb9oqsawRvZ0rHhaHwghRLlTuffoD1B2aDemlCruLeZrUIIdvG7gs9xeELEPm6PhuASqrg==",
      "license": "MIT"
    },
    "node_modules/svg.js": {
      "version": "2.7.1",
      "resolved": "https://registry.npmjs.org/svg.js/-/svg.js-2.7.1.tgz",
      "integrity": "sha512-ycbxpizEQktk3FYvn/8BH+6/EuWXg7ZpQREJvgacqn46gIddG24tNNe4Son6omdXCnSOaApnpZw6MPCBA1dODA==",
      "license": "MIT"
    }
  }
}
